
Microsoft Visual Studio Solution File, Format Version 12.00
# Visual Studio 15
VisualStudioVersion = 15.0.28010.2026
MinimumVisualStudioVersion = 10.0.40219.1
Project("{FAE04EC0-301F-11D3-BF4B-00C04F79EFBC}") = "work space", "work space\work space.csproj", "{0AA2FB03-F3F4-4F8C-878B-B9FCEC2514EC}"
EndProject
Global
	GlobalSection(SolutionConfigurationPlatforms) = preSolution
		Debug|Any CPU = Debug|Any CPU
		Release|Any CPU = Release|Any CPU
	EndGlobalSection
	GlobalSection(ProjectConfigurationPlatforms) = postSolution
		{0AA2FB03-F3F4-4F8C-878B-B9FCEC2514EC}.Debug|Any CPU.ActiveCfg = Debug|Any CPU
		{0AA2FB03-F3F4-4F8C-878B-B9FCEC2514EC}.Debug|Any CPU.Build.0 = Debug|Any CPU
		{0AA2FB03-F3F4-4F8C-878B-B9FCEC2514EC}.Release|Any CPU.ActiveCfg = Release|Any CPU
		{0AA2FB03-F3F4-4F8C-878B-B9FCEC2514EC}.Release|Any CPU.Build.0 = Release|Any CPU
	EndGlobalSection
	GlobalSection(SolutionProperties) = preSolution
		HideSolutionNode = FALSE
	EndGlobalSection
	GlobalSection(ExtensibilityGlobals) = postSolution
		SolutionGuid = {58C4C8FC-CACE-4B54-951F-0D8C4DB994A9}
	EndGlobalSection
EndGlobal
